
Microsoft Visual Studio Solution File, Format Version 12.00
# Visual Studio Version 16
VisualStudioVersion = 16.0.28606.126
MinimumVisualStudioVersion = 10.0.40219.1
Project("{9A19103F-16F7-4668-BE54-9A1E7A4F7556}") = "RedSheeps.Wpf", "RedSheeps.Wpf\RedSheeps.Wpf.csproj", "{D6649021-E950-4C5F-9A7B-C14C585FF6BC}"
EndProject
Project("{FAE04EC0-301F-11D3-BF4B-00C04F79EFBC}") = "Sample", "..\Sample\Sample\Sample.csproj", "{315E962F-84F1-4432-808D-B0C7BC05DBD8}"
EndProject
Global
	GlobalSection(SolutionConfigurationPlatforms) = preSolution
		Debug|Any CPU = Debug|Any CPU
		Release|Any CPU = Release|Any CPU
	EndGlobalSection
	GlobalSection(ProjectConfigurationPlatforms) = postSolution
		{D6649021-E950-4C5F-9A7B-C14C585FF6BC}.Debug|Any CPU.ActiveCfg = Debug|Any CPU
		{D6649021-E950-4C5F-9A7B-C14C585FF6BC}.Debug|Any CPU.Build.0 = Debug|Any CPU
		{D6649021-E950-4C5F-9A7B-C14C585FF6BC}.Release|Any CPU.ActiveCfg = Release|Any CPU
		{D6649021-E950-4C5F-9A7B-C14C585FF6BC}.Release|Any CPU.Build.0 = Release|Any CPU
		{315E962F-84F1-4432-808D-B0C7BC05DBD8}.Debug|Any CPU.ActiveCfg = Debug|Any CPU
		{315E962F-84F1-4432-808D-B0C7BC05DBD8}.Debug|Any CPU.Build.0 = Debug|Any CPU
		{315E962F-84F1-4432-808D-B0C7BC05DBD8}.Release|Any CPU.ActiveCfg = Release|Any CPU
		{315E962F-84F1-4432-808D-B0C7BC05DBD8}.Release|Any CPU.Build.0 = Release|Any CPU
	EndGlobalSection
	GlobalSection(SolutionProperties) = preSolution
		HideSolutionNode = FALSE
	EndGlobalSection
	GlobalSection(ExtensibilityGlobals) = postSolution
		SolutionGuid = {D785D7D7-3237-4C69-BC36-A30EBF365297}
	EndGlobalSection
EndGlobal
